// !$*UTF8*$!
{
	archiveVersion = 1;
	classes = {
	};
	objectVersion = 46;
	objects = {

/* Begin PBXBuildFile section */
		1D3623260D0F684500981E51 /* HGPageScrollViewSampleAppDelegate.m in Sources */ = {isa = PBXBuildFile; fileRef = 1D3623250D0F684500981E51 /* HGPageScrollViewSampleAppDelegate.m */; };
		1D60589B0D05DD56006BFB54 /* main.m in Sources */ = {isa = PBXBuildFile; fileRef = 29B97316FDCFA39411CA2CEA /* main.m */; };
		1D60589F0D05DD5A006BFB54 /* Foundation.framework in Frameworks */ = {isa = PBXBuildFile; fileRef = 1D30AB110D05D00D00671497 /* Foundation.framework */; };
		1DF5F4E00D08C38300B7A737 /* UIKit.framework in Frameworks */ = {isa = PBXBuildFile; fileRef = 1DF5F4DF0D08C38300B7A737 /* UIKit.framework */; };
		288765A50DF7441C002DB57D /* CoreGraphics.framework in Frameworks */ = {isa = PBXBuildFile; fileRef = 288765A40DF7441C002DB57D /* CoreGraphics.framework */; };
		2899E5220DE3E06400AC0155 /* HGPageScrollViewSampleViewController.xib in Resources */ = {isa = PBXBuildFile; fileRef = 2899E5210DE3E06400AC0155 /* HGPageScrollViewSampleViewController.xib */; };
		28D7ACF80DDB3853001CB0EB /* HGPageScrollViewSampleViewController.m in Sources */ = {isa = PBXBuildFile; fileRef = 28D7ACF70DDB3853001CB0EB /* HGPageScrollViewSampleViewController.m */; };
		5E53C6FD132F956F005322CE /* MyPageView.m in Sources */ = {isa = PBXBuildFile; fileRef = 5E53C6FC132F956F005322CE /* MyPageView.m */; };
		5E53C764132FBC61005322CE /* MainWindow.xib in Resources */ = {isa = PBXBuildFile; fileRef = 5E53C763132FBC61005322CE /* MainWindow.xib */; };
		5E903D41132D69D300231F45 /* HGPageScrollView.m in Sources */ = {isa = PBXBuildFile; fileRef = 5E903D3D132D69D300231F45 /* HGPageScrollView.m */; };
		5E903D42132D69D300231F45 /* HGPageScrollView.xib in Resources */ = {isa = PBXBuildFile; fileRef = 5E903D3E132D69D300231F45 /* HGPageScrollView.xib */; };
		5E903D43132D69D300231F45 /* HGPageView.m in Sources */ = {isa = PBXBuildFile; fileRef = 5E903D40132D69D300231F45 /* HGPageView.m */; };
		5E903D46132D69F500231F45 /* MyPageData.m in Sources */ = {isa = PBXBuildFile; fileRef = 5E903D45132D69F500231F45 /* MyPageData.m */; };
		5E903D48132D6A4500231F45 /* MyPageView.xib in Resources */ = {isa = PBXBuildFile; fileRef = 5E903D47132D6A4500231F45 /* MyPageView.xib */; };
		5E903D54132D6A4E00231F45 /* image0.png in Resources */ = {isa = PBXBuildFile; fileRef = 5E903D4A132D6A4E00231F45 /* image0.png */; };
		5E903D55132D6A4E00231F45 /* image1.png in Resources */ = {isa = PBXBuildFile; fileRef = 5E903D4B132D6A4E00231F45 /* image1.png */; };
		5E903D56132D6A4E00231F45 /* image2.png in Resources */ = {isa = PBXBuildFile; fileRef = 5E903D4C132D6A4E00231F45 /* image2.png */; };
		5E903D57132D6A4E00231F45 /* image3.png in Resources */ = {isa = PBXBuildFile; fileRef = 5E903D4D132D6A4E00231F45 /* image3.png */; };
		5E903D58132D6A4E00231F45 /* image4.png in Resources */ = {isa = PBXBuildFile; fileRef = 5E903D4E132D6A4E00231F45 /* image4.png */; };
		5E903D59132D6A4E00231F45 /* image5.png in Resources */ = {isa = PBXBuildFile; fileRef = 5E903D4F132D6A4E00231F45 /* image5.png */; };
		5E903D5A132D6A4E00231F45 /* image6.png in Resources */ = {isa = PBXBuildFile; fileRef = 5E903D50132D6A4E00231F45 /* image6.png */; };
		5E903D5B132D6A4E00231F45 /* image7.png in Resources */ = {isa = PBXBuildFile; fileRef = 5E903D51132D6A4E00231F45 /* image7.png */; };
		5E903D5C132D6A4E00231F45 /* image8.png in Resources */ = {isa = PBXBuildFile; fileRef = 5E903D52132D6A4E00231F45 /* image8.png */; };
		5E903D5D132D6A4E00231F45 /* image9.png in Resources */ = {isa = PBXBuildFile; fileRef = 5E903D53132D6A4E00231F45 /* image9.png */; };
		5E903D64132D6AF800231F45 /* QuartzCore.framework in Frameworks */ = {isa = PBXBuildFile; fileRef = 5E903D63132D6AF800231F45 /* QuartzCore.framework */; };
/* End PBXBuildFile section */

/* Begin PBXFileReference section */
		1D30AB110D05D00D00671497 /* Foundation.framework */ = {isa = PBXFileReference; lastKnownFileType = wrapper.framework; name = Foundation.framework; path = System/Library/Frameworks/Foundation.framework; sourceTree = SDKROOT; };
		1D3623240D0F684500981E51 /* HGPageScrollViewSampleAppDelegate.h */ = {isa = PBXFileReference; fileEncoding = 4; lastKnownFileType = sourcecode.c.h; path = HGPageScrollViewSampleAppDelegate.h; sourceTree = "<group>"; };
		1D3623250D0F684500981E51 /* HGPageScrollViewSampleAppDelegate.m */ = {isa = PBXFileReference; fileEncoding = 4; lastKnownFileType = sourcecode.c.objc; path = HGPageScrollViewSampleAppDelegate.m; sourceTree = "<group>"; };
		1D6058910D05DD3D006BFB54 /* HGPageScrollViewSample.app */ = {isa = PBXFileReference; explicitFileType = wrapper.application; includeInIndex = 0; path = HGPageScrollViewSample.app; sourceTree = BUILT_PRODUCTS_DIR; };
		1DF5F4DF0D08C38300B7A737 /* UIKit.framework */ = {isa = PBXFileReference; lastKnownFileType = wrapper.framework; name = UIKit.framework; path = System/Library/Frameworks/UIKit.framework; sourceTree = SDKROOT; };
		288765A40DF7441C002DB57D /* CoreGraphics.framework */ = {isa = PBXFileReference; lastKnownFileType = wrapper.framework; name = CoreGraphics.framework; path = System/Library/Frameworks/CoreGraphics.framework; sourceTree = SDKROOT; };
		2899E5210DE3E06400AC0155 /* HGPageScrollViewSampleViewController.xib */ = {isa = PBXFileReference; lastKnownFileType = file.xib; path = HGPageScrollViewSampleViewController.xib; sourceTree = "<group>"; };
		28D7ACF60DDB3853001CB0EB /* HGPageScrollViewSampleViewController.h */ = {isa = PBXFileReference; fileEncoding = 4; lastKnownFileType = sourcecode.c.h; path = HGPageScrollViewSampleViewController.h; sourceTree = "<group>"; };
		28D7ACF70DDB3853001CB0EB /* HGPageScrollViewSampleViewController.m */ = {isa = PBXFileReference; fileEncoding = 4; lastKnownFileType = sourcecode.c.objc; path = HGPageScrollViewSampleViewController.m; sourceTree = "<group>"; };
		29B97316FDCFA39411CA2CEA /* main.m */ = {isa = PBXFileReference; fileEncoding = 4; lastKnownFileType = sourcecode.c.objc; path = main.m; sourceTree = "<group>"; };
		32CA4F630368D1EE00C91783 /* HGPageScrollViewSample_Prefix.pch */ = {isa = PBXFileReference; fileEncoding = 4; lastKnownFileType = sourcecode.c.h; path = HGPageScrollViewSample_Prefix.pch; sourceTree = "<group>"; };
		5E53C6FB132F956F005322CE /* MyPageView.h */ = {isa = PBXFileReference; fileEncoding = 4; lastKnownFileType = sourcecode.c.h; path = MyPageView.h; sourceTree = "<group>"; };
		5E53C6FC132F956F005322CE /* MyPageView.m */ = {isa = PBXFileReference; fileEncoding = 4; lastKnownFileType = sourcecode.c.objc; path = MyPageView.m; sourceTree = "<group>"; };
		5E53C763132FBC61005322CE /* MainWindow.xib */ = {isa = PBXFileReference; fileEncoding = 4; lastKnownFileType = file.xib; path = MainWindow.xib; sourceTree = "<group>"; };
		5E903D3C132D69D300231F45 /* HGPageScrollView.h */ = {isa = PBXFileReference; fileEncoding = 4; lastKnownFileType = sourcecode.c.h; path = HGPageScrollView.h; sourceTree = "<group>"; };
		5E903D3D132D69D300231F45 /* HGPageScrollView.m */ = {isa = PBXFileReference; fileEncoding = 4; lastKnownFileType = sourcecode.c.objc; path = HGPageScrollView.m; sourceTree = "<group>"; };
		5E903D3E132D69D300231F45 /* HGPageScrollView.xib */ = {isa = PBXFileReference; lastKnownFileType = file.xib; path = HGPageScrollView.xib; sourceTree = "<group>"; };
		5E903D3F132D69D300231F45 /* HGPageView.h */ = {isa = PBXFileReference; fileEncoding = 4; lastKnownFileType = sourcecode.c.h; path = HGPageView.h; sourceTree = "<group>"; };
		5E903D40132D69D300231F45 /* HGPageView.m */ = {isa = PBXFileReference; fileEncoding = 4; lastKnownFileType = sourcecode.c.objc; path = HGPageView.m; sourceTree = "<group>"; };
		5E903D44132D69F500231F45 /* MyPageData.h */ = {isa = PBXFileReference; fileEncoding = 4; lastKnownFileType = sourcecode.c.h; path = MyPageData.h; sourceTree = "<group>"; };
		5E903D45132D69F500231F45 /* MyPageData.m */ = {isa = PBXFileReference; fileEncoding = 4; lastKnownFileType = sourcecode.c.objc; path = MyPageData.m; sourceTree = "<group>"; };
		5E903D47132D6A4500231F45 /* MyPageView.xib */ = {isa = PBXFileReference; lastKnownFileType = file.xib; path = MyPageView.xib; sourceTree = "<group>"; };
		5E903D4A132D6A4E00231F45 /* image0.png */ = {isa = PBXFileReference; lastKnownFileType = image.png; path = image0.png; sourceTree = "<group>"; };
		5E903D4B132D6A4E00231F45 /* image1.png */ = {isa = PBXFileReference; lastKnownFileType = image.png; path = image1.png; sourceTree = "<group>"; };
		5E903D4C132D6A4E00231F45 /* image2.png */ = {isa = PBXFileReference; lastKnownFileType = image.png; path = image2.png; sourceTree = "<group>"; };
		5E903D4D132D6A4E00231F45 /* image3.png */ = {isa = PBXFileReference; lastKnownFileType = image.png; path = image3.png; sourceTree = "<group>"; };
		5E903D4E132D6A4E00231F45 /* image4.png */ = {isa = PBXFileReference; lastKnownFileType = image.png; path = image4.png; sourceTree = "<group>"; };
		5E903D4F132D6A4E00231F45 /* image5.png */ = {isa = PBXFileReference; lastKnownFileType = image.png; path = image5.png; sourceTree = "<group>"; };
		5E903D50132D6A4E00231F45 /* image6.png */ = {isa = PBXFileReference; lastKnownFileType = image.png; path = image6.png; sourceTree = "<group>"; };
		5E903D51132D6A4E00231F45 /* image7.png */ = {isa = PBXFileReference; lastKnownFileType = image.png; path = image7.png; sourceTree = "<group>"; };
		5E903D52132D6A4E00231F45 /* image8.png */ = {isa = PBXFileReference; lastKnownFileType = image.png; path = image8.png; sourceTree = "<group>"; };
		5E903D53132D6A4E00231F45 /* image9.png */ = {isa = PBXFileReference; lastKnownFileType = image.png; path = image9.png; sourceTree = "<group>"; };
		5E903D63132D6AF800231F45 /* QuartzCore.framework */ = {isa = PBXFileReference; lastKnownFileType = wrapper.framework; name = QuartzCore.framework; path = System/Library/Frameworks/QuartzCore.framework; sourceTree = SDKROOT; };
		8D1107310486CEB800E47090 /* HGPageScrollViewSample-Info.plist */ = {isa = PBXFileReference; fileEncoding = 4; lastKnownFileType = text.plist.xml; path = "HGPageScrollViewSample-Info.plist"; plistStructureDefinitionIdentifier = "com.apple.xcode.plist.structure-definition.iphone.info-plist"; sourceTree = "<group>"; };
/* End PBXFileReference section */

/* Begin PBXFrameworksBuildPhase section */
		1D60588F0D05DD3D006BFB54 /* Frameworks */ = {
			isa = PBXFrameworksBuildPhase;
			buildActionMask = 2147483647;
			files = (
				1D60589F0D05DD5A006BFB54 /* Foundation.framework in Frameworks */,
				1DF5F4E00D08C38300B7A737 /* UIKit.framework in Frameworks */,
				288765A50DF7441C002DB57D /* CoreGraphics.framework in Frameworks */,
				5E903D64132D6AF800231F45 /* QuartzCore.framework in Frameworks */,
			);
			runOnlyForDeploymentPostprocessing = 0;
		};
/* End PBXFrameworksBuildPhase section */

/* Begin PBXGroup section */
		080E96DDFE201D6D7F000001 /* Classes */ = {
			isa = PBXGroup;
			children = (
				5E903D3B132D69D300231F45 /* HGPageScrollView */,
				1D3623240D0F684500981E51 /* HGPageScrollViewSampleAppDelegate.h */,
				1D3623250D0F684500981E51 /* HGPageScrollViewSampleAppDelegate.m */,
				28D7ACF60DDB3853001CB0EB /* HGPageScrollViewSampleViewController.h */,
				28D7ACF70DDB3853001CB0EB /* HGPageScrollViewSampleViewController.m */,
				5E903D44132D69F500231F45 /* MyPageData.h */,
				5E903D45132D69F500231F45 /* MyPageData.m */,
				5E53C6FB132F956F005322CE /* MyPageView.h */,
				5E53C6FC132F956F005322CE /* MyPageView.m */,
			);
			path = Classes;
			sourceTree = "<group>";
		};
		19C28FACFE9D520D11CA2CBB /* Products */ = {
			isa = PBXGroup;
			children = (
				1D6058910D05DD3D006BFB54 /* HGPageScrollViewSample.app */,
			);
			name = Products;
			sourceTree = "<group>";
		};
		29B97314FDCFA39411CA2CEA /* CustomTemplate */ = {
			isa = PBXGroup;
			children = (
				080E96DDFE201D6D7F000001 /* Classes */,
				29B97315FDCFA39411CA2CEA /* Other Sources */,
				29B97317FDCFA39411CA2CEA /* Resources */,
				29B97323FDCFA39411CA2CEA /* Frameworks */,
				19C28FACFE9D520D11CA2CBB /* Products */,
			);
			name = CustomTemplate;
			sourceTree = "<group>";
		};
		29B97315FDCFA39411CA2CEA /* Other Sources */ = {
			isa = PBXGroup;
			children = (
				32CA4F630368D1EE00C91783 /* HGPageScrollViewSample_Prefix.pch */,
				29B97316FDCFA39411CA2CEA /* main.m */,
			);
			name = "Other Sources";
			sourceTree = "<group>";
		};
		29B97317FDCFA39411CA2CEA /* Resources */ = {
			isa = PBXGroup;
			children = (
				5E903D49132D6A4E00231F45 /* Images */,
				2899E5210DE3E06400AC0155 /* HGPageScrollViewSampleViewController.xib */,
				5E53C763132FBC61005322CE /* MainWindow.xib */,
				5E903D47132D6A4500231F45 /* MyPageView.xib */,
				8D1107310486CEB800E47090 /* HGPageScrollViewSample-Info.plist */,
			);
			name = Resources;
			sourceTree = "<group>";
		};
		29B97323FDCFA39411CA2CEA /* Frameworks */ = {
			isa = PBXGroup;
			children = (
				1DF5F4DF0D08C38300B7A737 /* UIKit.framework */,
				1D30AB110D05D00D00671497 /* Foundation.framework */,
				288765A40DF7441C002DB57D /* CoreGraphics.framework */,
				5E903D63132D6AF800231F45 /* QuartzCore.framework */,
			);
			name = Frameworks;
			sourceTree = "<group>";
		};
		5E903D3B132D69D300231F45 /* HGPageScrollView */ = {
			isa = PBXGroup;
			children = (
				5E903D3C132D69D300231F45 /* HGPageScrollView.h */,
				5E903D3D132D69D300231F45 /* HGPageScrollView.m */,
				5E903D3E132D69D300231F45 /* HGPageScrollView.xib */,
				5E903D3F132D69D300231F45 /* HGPageView.h */,
				5E903D40132D69D300231F45 /* HGPageView.m */,
			);
			path = HGPageScrollView;
			sourceTree = "<group>";
		};
		5E903D49132D6A4E00231F45 /* Images */ = {
			isa = PBXGroup;
			children = (
				5E903D4A132D6A4E00231F45 /* image0.png */,
				5E903D4B132D6A4E00231F45 /* image1.png */,
				5E903D4C132D6A4E00231F45 /* image2.png */,
				5E903D4D132D6A4E00231F45 /* image3.png */,
				5E903D4E132D6A4E00231F45 /* image4.png */,
				5E903D4F132D6A4E00231F45 /* image5.png */,
				5E903D50132D6A4E00231F45 /* image6.png */,
				5E903D51132D6A4E00231F45 /* image7.png */,
				5E903D52132D6A4E00231F45 /* image8.png */,
				5E903D53132D6A4E00231F45 /* image9.png */,
			);
			path = Images;
			sourceTree = "<group>";
		};
/* End PBXGroup section */

/* Begin PBXNativeTarget section */
		1D6058900D05DD3D006BFB54 /* HGPageScrollViewSample */ = {
			isa = PBXNativeTarget;
			buildConfigurationList = 1D6058960D05DD3E006BFB54 /* Build configuration list for PBXNativeTarget "HGPageScrollViewSample" */;
			buildPhases = (
				1D60588D0D05DD3D006BFB54 /* Resources */,
				1D60588E0D05DD3D006BFB54 /* Sources */,
				1D60588F0D05DD3D006BFB54 /* Frameworks */,
			);
			buildRules = (
			);
			dependencies = (
			);
			name = HGPageScrollViewSample;
			productName = HGPageScrollViewSample;
			productReference = 1D6058910D05DD3D006BFB54 /* HGPageScrollViewSample.app */;
			productType = "com.apple.product-type.application";
		};
/* End PBXNativeTarget section */

/* Begin PBXProject section */
		29B97313FDCFA39411CA2CEA /* Project object */ = {
			isa = PBXProject;
			buildConfigurationList = C01FCF4E08A954540054247B /* Build configuration list for PBXProject "HGPageScrollViewSample" */;
			compatibilityVersion = "Xcode 3.2";
			developmentRegion = English;
			hasScannedForEncodings = 1;
			knownRegions = (
				English,
				Japanese,
				French,
				German,
			);
			mainGroup = 29B97314FDCFA39411CA2CEA /* CustomTemplate */;
			projectDirPath = "";
			projectRoot = "";
			targets = (
				1D6058900D05DD3D006BFB54 /* HGPageScrollViewSample */,
			);
		};
/* End PBXProject section */

/* Begin PBXResourcesBuildPhase section */
		1D60588D0D05DD3D006BFB54 /* Resources */ = {
			isa = PBXResourcesBuildPhase;
			buildActionMask = 2147483647;
			files = (
				2899E5220DE3E06400AC0155 /* HGPageScrollViewSampleViewController.xib in Resources */,
				5E903D42132D69D300231F45 /* HGPageScrollView.xib in Resources */,
				5E903D48132D6A4500231F45 /* MyPageView.xib in Resources */,
				5E903D54132D6A4E00231F45 /* image0.png in Resources */,
				5E903D55132D6A4E00231F45 /* image1.png in Resources */,
				5E903D56132D6A4E00231F45 /* image2.png in Resources */,
				5E903D57132D6A4E00231F45 /* image3.png in Resources */,
				5E903D58132D6A4E00231F45 /* image4.png in Resources */,
				5E903D59132D6A4E00231F45 /* image5.png in Resources */,
				5E903D5A132D6A4E00231F45 /* image6.png in Resources */,
				5E903D5B132D6A4E00231F45 /* image7.png in Resources */,
				5E903D5C132D6A4E00231F45 /* image8.png in Resources */,
				5E903D5D132D6A4E00231F45 /* image9.png in Resources */,
				5E53C764132FBC61005322CE /* MainWindow.xib in Resources */,
			);
			runOnlyForDeploymentPostprocessing = 0;
		};
/* End PBXResourcesBuildPhase section */

/* Begin PBXSourcesBuildPhase section */
		1D60588E0D05DD3D006BFB54 /* Sources */ = {
			isa = PBXSourcesBuildPhase;
			buildActionMask = 2147483647;
			files = (
				1D60589B0D05DD56006BFB54 /* main.m in Sources */,
				1D3623260D0F684500981E51 /* HGPageScrollViewSampleAppDelegate.m in Sources */,
				28D7ACF80DDB3853001CB0EB /* HGPageScrollViewSampleViewController.m in Sources */,
				5E903D41132D69D300231F45 /* HGPageScrollView.m in Sources */,
				5E903D43132D69D300231F45 /* HGPageView.m in Sources */,
				5E903D46132D69F500231F45 /* MyPageData.m in Sources */,
				5E53C6FD132F956F005322CE /* MyPageView.m in Sources */,
			);
			runOnlyForDeploymentPostprocessing = 0;
		};
/* End PBXSourcesBuildPhase section */

/* Begin XCBuildConfiguration section */
		1D6058940D05DD3E006BFB54 /* Debug */ = {
			isa = XCBuildConfiguration;
			buildSettings = {
				ALWAYS_SEARCH_USER_PATHS = NO;
				COPY_PHASE_STRIP = NO;
				GCC_DYNAMIC_NO_PIC = NO;
				GCC_OPTIMIZATION_LEVEL = 0;
				GCC_PRECOMPILE_PREFIX_HEADER = YES;
				GCC_PREFIX_HEADER = HGPageScrollViewSample_Prefix.pch;
				GCC_VERSION = com.apple.compilers.llvm.clang.1_0;
				INFOPLIST_FILE = "HGPageScrollViewSample-Info.plist";
				PRODUCT_NAME = HGPageScrollViewSample;
			};
			name = Debug;
		};
		1D6058950D05DD3E006BFB54 /* Release */ = {
			isa = XCBuildConfiguration;
			buildSettings = {
				ALWAYS_SEARCH_USER_PATHS = NO;
				COPY_PHASE_STRIP = YES;
				GCC_PRECOMPILE_PREFIX_HEADER = YES;
				GCC_PREFIX_HEADER = HGPageScrollViewSample_Prefix.pch;
				GCC_VERSION = com.apple.compilers.llvm.clang.1_0;
				INFOPLIST_FILE = "HGPageScrollViewSample-Info.plist";
				PRODUCT_NAME = HGPageScrollViewSample;
				VALIDATE_PRODUCT = YES;
			};
			name = Release;
		};
		C01FCF4F08A954540054247B /* Debug */ = {
			isa = XCBuildConfiguration;
			buildSettings = {
				ARCHS = "$(ARCHS_STANDARD_32_BIT)";
				"CODE_SIGN_IDENTITY[sdk=iphoneos*]" = "iPhone Developer: Rotem Rubnov (8C3XJJ4HV9)";
				GCC_C_LANGUAGE_STANDARD = c99;
				GCC_WARN_ABOUT_RETURN_TYPE = YES;
				GCC_WARN_UNUSED_VARIABLE = YES;
				PREBINDING = NO;
				"PROVISIONING_PROFILE[sdk=iphoneos*]" = "C3197FD8-77C4-473A-946F-F4A6B65B86FA";
				SDKROOT = iphoneos;
			};
			name = Debug;
		};
		C01FCF5008A954540054247B /* Release */ = {
			isa = XCBuildConfiguration;
			buildSettings = {
				ARCHS = "$(ARCHS_STANDARD_32_BIT)";
				"CODE_SIGN_IDENTITY[sdk=iphoneos*]" = "iPhone Developer: Rotem Rubnov (8C3XJJ4HV9)";
				GCC_C_LANGUAGE_STANDARD = c99;
				GCC_WARN_ABOUT_RETURN_TYPE = YES;
				GCC_WARN_UNUSED_VARIABLE = YES;
				OTHER_CFLAGS = "-DNS_BLOCK_ASSERTIONS=1";
				PREBINDING = NO;
				"PROVISIONING_PROFILE[sdk=iphoneos*]" = "C3197FD8-77C4-473A-946F-F4A6B65B86FA";
				SDKROOT = iphoneos;
			};
			name = Release;
		};
/* End XCBuildConfiguration section */

/* Begin XCConfigurationList section */
		1D6058960D05DD3E006BFB54 /* Build configuration list for PBXNativeTarget "HGPageScrollViewSample" */ = {
			isa = XCConfigurationList;
			buildConfigurations = (
				1D6058940D05DD3E006BFB54 /* Debug */,
				1D6058950D05DD3E006BFB54 /* Release */,
			);
			defaultConfigurationIsVisible = 0;
			defaultConfigurationName = Release;
		};
		C01FCF4E08A954540054247B /* Build configuration list for PBXProject "HGPageScrollViewSample" */ = {
			isa = XCConfigurationList;
			buildConfigurations = (
				C01FCF4F08A954540054247B /* Debug */,
				C01FCF5008A954540054247B /* Release */,
			);
			defaultConfigurationIsVisible = 0;
			defaultConfigurationName = Release;
		};
/* End XCConfigurationList section */
	};
	rootObject = 29B97313FDCFA39411CA2CEA /* Project object */;
}
